<Solution>
  <Folder Name="/Solution Items/">
    <File Path=".gitignore" />
  </Folder>
  <Project Path="HelpDesk.Api/HelpDesk.Api.csproj" />
  <Project Path="HelpDesk.Mvc/HelpDesk.Mvc.csproj" Id="fb26196c-5416-446c-95ea-ee72f3ba9741" />
  <Project Path="HelpDesk.Tests/HelpDesk.Tests.csproj" Id="c185c3ba-5efc-439c-85c2-956ceac1dd02" />
</Solution>
